# This file was autogenerated by Stack.
# You should not edit this file by hand.
# For more information, please see the documentation at:
#   https://docs.haskellstack.org/en/stable/lock_files

packages:
- completed:
    commit: f75ba648872a77839d8d14bde4f786d682b67f26
    git: https://github.com/stepa1000/adjunction-combinators.git
    name: adjunction-combinators
    pantry-tree:
      sha256: 3645877efec3fad9ebc3d2d87c4f2aa1393d89c682c393ff41c3e76a5f20ca72
      size: 987
    version: 0.1.0.0
  original:
    commit: f75ba648872a77839d8d14bde4f786d682b67f26
    git: https://github.com/stepa1000/adjunction-combinators.git
- completed:
    commit: d4f76d1f7f25d4ffff974a7c13483b79f87aa409
    git: https://github.com/stepa1000/coandkleisli.git
    name: coandkleisli
    pantry-tree:
      sha256: cd0abaeeea3bda85b7e7d97724d01945e02b271eb7c1906ae41d314dcd2b3623
      size: 580
    version: 0.1.0.0
  original:
    commit: d4f76d1f7f25d4ffff974a7c13483b79f87aa409
    git: https://github.com/stepa1000/coandkleisli.git
snapshots:
- completed:
    sha256: 14ca51a9a597c32dd7804c10d079feea3d0ae40c5fbbb346cbd67b3ae49f6d01
    size: 649598
    url: https://raw.githubusercontent.com/commercialhaskell/stackage-snapshots/master/lts/20/17.yaml
  original:
    url: https://raw.githubusercontent.com/commercialhaskell/stackage-snapshots/master/lts/20/17.yaml
